
Microsoft Visual Studio Solution File, Format Version 12.00
# Visual Studio Version 16
VisualStudioVersion = 16.0.29728.190
MinimumVisualStudioVersion = 10.0.40219.1
Project("{FAE04EC0-301F-11D3-BF4B-00C04F79EFBC}") = "SunamoRuleset", "SunamoRuleset\SunamoRuleset.csproj", "{A81432E9-A2E0-45C3-85F2-57BA990EE62A}"
EndProject
Project("{FAE04EC0-301F-11D3-BF4B-00C04F79EFBC}") = "Xlf", "..\..\sunamo\Xlf\Xlf.csproj", "{00B76D22-B82F-43FD-AC48-4B1F56E6910F}"
EndProject
Project("{FAE04EC0-301F-11D3-BF4B-00C04F79EFBC}") = "SunamoCode", "..\..\sunamo\SunamoCode\SunamoCode.csproj", "{79B90442-CF86-41B8-86CC-8DA34A1A032D}"
EndProject
Project("{9A19103F-16F7-4668-BE54-9A1E7A4F7556}") = "sunamo", "..\..\sunamo\sunamo\sunamo.csproj", "{B131EBCD-89D1-4647-A832-54AC58DD815A}"
EndProject
Project("{FAE04EC0-301F-11D3-BF4B-00C04F79EFBC}") = "extensions", "..\..\sunamo\extensions\extensions.csproj", "{39E13FEB-502F-4CBF-BF73-8F4045F09F12}"
EndProject
Project("{FAE04EC0-301F-11D3-BF4B-00C04F79EFBC}") = "SunamoCSharp", "..\..\sunamo\SunamoCSharp\SunamoCSharp.csproj", "{0A1F2E90-B22F-4254-9295-214E2E768D4E}"
EndProject
Project("{9A19103F-16F7-4668-BE54-9A1E7A4F7556}") = "duo", "..\..\sunamo\duo\duo.csproj", "{F63924CB-EB12-4DB3-B529-87A6143521C1}"
EndProject
Project("{9A19103F-16F7-4668-BE54-9A1E7A4F7556}") = "Resources", "..\..\sunamo\Resources\Resources.csproj", "{C76C9753-C148-4535-85AD-5824932F5FA7}"
EndProject
Project("{FAE04EC0-301F-11D3-BF4B-00C04F79EFBC}") = "WinSec", "..\..\CredentialsWithoutDep\WinSec\WinSec.csproj", "{25A76579-C93C-4342-A926-D012EE4F642A}"
EndProject
Project("{FAE04EC0-301F-11D3-BF4B-00C04F79EFBC}") = "fmdev.ResX", "..\..\sunamo.notmine\fmdev.ResX\fmdev.ResX.csproj", "{4E96CFD9-4C8F-4062-8766-9FE3AF4DD928}"
EndProject
Project("{FAE04EC0-301F-11D3-BF4B-00C04F79EFBC}") = "XliffParser", "..\..\sunamo.notmine\XliffParser\XliffParser.csproj", "{7A844845-140B-48C7-BE51-45D6ED44E3CB}"
EndProject
Project("{FAE04EC0-301F-11D3-BF4B-00C04F79EFBC}") = "SunamoExceptions", "..\..\sunamoWithoutDep\SunamoExceptions\SunamoExceptions.csproj", "{F298459B-C78F-4F53-A3AF-EE8362E4F506}"
EndProject
Global
	GlobalSection(SolutionConfigurationPlatforms) = preSolution
		Debug|Any CPU = Debug|Any CPU
		Release|Any CPU = Release|Any CPU
	EndGlobalSection
	GlobalSection(ProjectConfigurationPlatforms) = postSolution
		{A81432E9-A2E0-45C3-85F2-57BA990EE62A}.Debug|Any CPU.ActiveCfg = Debug|Any CPU
		{A81432E9-A2E0-45C3-85F2-57BA990EE62A}.Debug|Any CPU.Build.0 = Debug|Any CPU
		{A81432E9-A2E0-45C3-85F2-57BA990EE62A}.Release|Any CPU.ActiveCfg = Release|Any CPU
		{A81432E9-A2E0-45C3-85F2-57BA990EE62A}.Release|Any CPU.Build.0 = Release|Any CPU
		{00B76D22-B82F-43FD-AC48-4B1F56E6910F}.Debug|Any CPU.ActiveCfg = Debug|Any CPU
		{00B76D22-B82F-43FD-AC48-4B1F56E6910F}.Debug|Any CPU.Build.0 = Debug|Any CPU
		{00B76D22-B82F-43FD-AC48-4B1F56E6910F}.Release|Any CPU.ActiveCfg = Release|Any CPU
		{00B76D22-B82F-43FD-AC48-4B1F56E6910F}.Release|Any CPU.Build.0 = Release|Any CPU
		{79B90442-CF86-41B8-86CC-8DA34A1A032D}.Debug|Any CPU.ActiveCfg = Debug|Any CPU
		{79B90442-CF86-41B8-86CC-8DA34A1A032D}.Debug|Any CPU.Build.0 = Debug|Any CPU
		{79B90442-CF86-41B8-86CC-8DA34A1A032D}.Release|Any CPU.ActiveCfg = Release|Any CPU
		{79B90442-CF86-41B8-86CC-8DA34A1A032D}.Release|Any CPU.Build.0 = Release|Any CPU
		{B131EBCD-89D1-4647-A832-54AC58DD815A}.Debug|Any CPU.ActiveCfg = Debug|Any CPU
		{B131EBCD-89D1-4647-A832-54AC58DD815A}.Debug|Any CPU.Build.0 = Debug|Any CPU
		{B131EBCD-89D1-4647-A832-54AC58DD815A}.Release|Any CPU.ActiveCfg = Release|Any CPU
		{B131EBCD-89D1-4647-A832-54AC58DD815A}.Release|Any CPU.Build.0 = Release|Any CPU
		{39E13FEB-502F-4CBF-BF73-8F4045F09F12}.Debug|Any CPU.ActiveCfg = Debug|Any CPU
		{39E13FEB-502F-4CBF-BF73-8F4045F09F12}.Debug|Any CPU.Build.0 = Debug|Any CPU
		{39E13FEB-502F-4CBF-BF73-8F4045F09F12}.Release|Any CPU.ActiveCfg = Release|Any CPU
		{39E13FEB-502F-4CBF-BF73-8F4045F09F12}.Release|Any CPU.Build.0 = Release|Any CPU
		{0A1F2E90-B22F-4254-9295-214E2E768D4E}.Debug|Any CPU.ActiveCfg = Debug|Any CPU
		{0A1F2E90-B22F-4254-9295-214E2E768D4E}.Debug|Any CPU.Build.0 = Debug|Any CPU
		{0A1F2E90-B22F-4254-9295-214E2E768D4E}.Release|Any CPU.ActiveCfg = Release|Any CPU
		{0A1F2E90-B22F-4254-9295-214E2E768D4E}.Release|Any CPU.Build.0 = Release|Any CPU
		{F63924CB-EB12-4DB3-B529-87A6143521C1}.Debug|Any CPU.ActiveCfg = Debug|Any CPU
		{F63924CB-EB12-4DB3-B529-87A6143521C1}.Debug|Any CPU.Build.0 = Debug|Any CPU
		{F63924CB-EB12-4DB3-B529-87A6143521C1}.Release|Any CPU.ActiveCfg = Release|Any CPU
		{F63924CB-EB12-4DB3-B529-87A6143521C1}.Release|Any CPU.Build.0 = Release|Any CPU
		{C76C9753-C148-4535-85AD-5824932F5FA7}.Debug|Any CPU.ActiveCfg = Debug|Any CPU
		{C76C9753-C148-4535-85AD-5824932F5FA7}.Debug|Any CPU.Build.0 = Debug|Any CPU
		{C76C9753-C148-4535-85AD-5824932F5FA7}.Release|Any CPU.ActiveCfg = Release|Any CPU
		{C76C9753-C148-4535-85AD-5824932F5FA7}.Release|Any CPU.Build.0 = Release|Any CPU
		{25A76579-C93C-4342-A926-D012EE4F642A}.Debug|Any CPU.ActiveCfg = Debug|Any CPU
		{25A76579-C93C-4342-A926-D012EE4F642A}.Debug|Any CPU.Build.0 = Debug|Any CPU
		{25A76579-C93C-4342-A926-D012EE4F642A}.Release|Any CPU.ActiveCfg = Release|Any CPU
		{25A76579-C93C-4342-A926-D012EE4F642A}.Release|Any CPU.Build.0 = Release|Any CPU
		{4E96CFD9-4C8F-4062-8766-9FE3AF4DD928}.Debug|Any CPU.ActiveCfg = Debug|Any CPU
		{4E96CFD9-4C8F-4062-8766-9FE3AF4DD928}.Debug|Any CPU.Build.0 = Debug|Any CPU
		{4E96CFD9-4C8F-4062-8766-9FE3AF4DD928}.Release|Any CPU.ActiveCfg = Release|Any CPU
		{4E96CFD9-4C8F-4062-8766-9FE3AF4DD928}.Release|Any CPU.Build.0 = Release|Any CPU
		{7A844845-140B-48C7-BE51-45D6ED44E3CB}.Debug|Any CPU.ActiveCfg = Debug|Any CPU
		{7A844845-140B-48C7-BE51-45D6ED44E3CB}.Debug|Any CPU.Build.0 = Debug|Any CPU
		{7A844845-140B-48C7-BE51-45D6ED44E3CB}.Release|Any CPU.ActiveCfg = Release|Any CPU
		{7A844845-140B-48C7-BE51-45D6ED44E3CB}.Release|Any CPU.Build.0 = Release|Any CPU
		{F298459B-C78F-4F53-A3AF-EE8362E4F506}.Debug|Any CPU.ActiveCfg = Debug|Any CPU
		{F298459B-C78F-4F53-A3AF-EE8362E4F506}.Debug|Any CPU.Build.0 = Debug|Any CPU
		{F298459B-C78F-4F53-A3AF-EE8362E4F506}.Release|Any CPU.ActiveCfg = Release|Any CPU
		{F298459B-C78F-4F53-A3AF-EE8362E4F506}.Release|Any CPU.Build.0 = Release|Any CPU
	EndGlobalSection
	GlobalSection(SolutionProperties) = preSolution
		HideSolutionNode = FALSE
	EndGlobalSection
	GlobalSection(ExtensibilityGlobals) = postSolution
		SolutionGuid = {A625195A-6E44-457B-A7A6-C8BF72069C40}
	EndGlobalSection
EndGlobal
