
Microsoft Visual Studio Solution File, Format Version 12.00
# Visual Studio Version 16
VisualStudioVersion = 16.0.29728.190
MinimumVisualStudioVersion = 10.0.40219.1
Project("{FAE04EC0-301F-11D3-BF4B-00C04F79EFBC}") = "SunamoRuleset", "SunamoRuleset\SunamoRuleset.csproj", "{A81432E9-A2E0-45C3-85F2-57BA990EE62A}"
EndProject
Global
	GlobalSection(SolutionConfigurationPlatforms) = preSolution
		Debug|Any CPU = Debug|Any CPU
		Release|Any CPU = Release|Any CPU
	EndGlobalSection
	GlobalSection(ProjectConfigurationPlatforms) = postSolution
		{A81432E9-A2E0-45C3-85F2-57BA990EE62A}.Debug|Any CPU.ActiveCfg = Debug|Any CPU
		{A81432E9-A2E0-45C3-85F2-57BA990EE62A}.Debug|Any CPU.Build.0 = Debug|Any CPU
		{A81432E9-A2E0-45C3-85F2-57BA990EE62A}.Release|Any CPU.ActiveCfg = Release|Any CPU
		{A81432E9-A2E0-45C3-85F2-57BA990EE62A}.Release|Any CPU.Build.0 = Release|Any CPU
	EndGlobalSection
	GlobalSection(SolutionProperties) = preSolution
		HideSolutionNode = FALSE
	EndGlobalSection
	GlobalSection(ExtensibilityGlobals) = postSolution
		SolutionGuid = {A625195A-6E44-457B-A7A6-C8BF72069C40}
	EndGlobalSection
EndGlobal
